
Microsoft Visual Studio Solution File, Format Version 12.00
# Visual Studio Version 16
VisualStudioVersion = 16.0.30717.126
MinimumVisualStudioVersion = 10.0.40219.1
Project("{888888A0-9F3D-457C-B088-3A5042F75D52}") = "PythonAlgorithms", "PythonAlgorithms\PythonAlgorithms.pyproj", "{5B52B2F1-F485-4100-A4BD-A58826D88E4D}"
EndProject
Global
	GlobalSection(SolutionConfigurationPlatforms) = preSolution
		Debug|Any CPU = Debug|Any CPU
		Release|Any CPU = Release|Any CPU
	EndGlobalSection
	GlobalSection(ProjectConfigurationPlatforms) = postSolution
		{5B52B2F1-F485-4100-A4BD-A58826D88E4D}.Debug|Any CPU.ActiveCfg = Debug|Any CPU
		{5B52B2F1-F485-4100-A4BD-A58826D88E4D}.Release|Any CPU.ActiveCfg = Release|Any CPU
	EndGlobalSection
	GlobalSection(SolutionProperties) = preSolution
		HideSolutionNode = FALSE
	EndGlobalSection
	GlobalSection(ExtensibilityGlobals) = postSolution
		SolutionGuid = {BB480AD6-1991-45EE-8121-DC85055D642B}
	EndGlobalSection
EndGlobal
